
Microsoft Visual Studio Solution File, Format Version 12.00
# Visual Studio Version 16
VisualStudioVersion = 16.0.33027.164
MinimumVisualStudioVersion = 10.0.40219.1
Project("{FAE04EC0-301F-11D3-BF4B-00C04F79EFBC}") = "Video-OpenCV", "Video-OpenCV\Video-OpenCV.csproj", "{D7A1E8A3-5E72-44B2-8AA2-B620DC497AE5}"
EndProject
Global
	GlobalSection(SolutionConfigurationPlatforms) = preSolution
		Debug|Any CPU = Debug|Any CPU
		Release|Any CPU = Release|Any CPU
	EndGlobalSection
	GlobalSection(ProjectConfigurationPlatforms) = postSolution
		{D7A1E8A3-5E72-44B2-8AA2-B620DC497AE5}.Debug|Any CPU.ActiveCfg = Debug|Any CPU
		{D7A1E8A3-5E72-44B2-8AA2-B620DC497AE5}.Debug|Any CPU.Build.0 = Debug|Any CPU
		{D7A1E8A3-5E72-44B2-8AA2-B620DC497AE5}.Release|Any CPU.ActiveCfg = Release|Any CPU
		{D7A1E8A3-5E72-44B2-8AA2-B620DC497AE5}.Release|Any CPU.Build.0 = Release|Any CPU
	EndGlobalSection
	GlobalSection(SolutionProperties) = preSolution
		HideSolutionNode = FALSE
	EndGlobalSection
	GlobalSection(ExtensibilityGlobals) = postSolution
		SolutionGuid = {EB75B0AB-6BC1-49CF-B882-E3744BA38B23}
	EndGlobalSection
EndGlobal
